
Microsoft Visual Studio Solution File, Format Version 12.00
# Visual Studio 15
VisualStudioVersion = 15.0.28307.779
MinimumVisualStudioVersion = 10.0.40219.1
Project("{FAE04EC0-301F-11D3-BF4B-00C04F79EFBC}") = "BrushUpUnitTest", "BrushUpUnitTest\BrushUpUnitTest.csproj", "{284D9172-9530-4BA9-9C16-4E5CDF4F417D}"
EndProject
Project("{FAE04EC0-301F-11D3-BF4B-00C04F79EFBC}") = "UnitTest", "UnitTest\UnitTest.csproj", "{DF0D368A-AF1A-4F9B-B97F-ED47F89ACAC9}"
EndProject
Global
	GlobalSection(SolutionConfigurationPlatforms) = preSolution
		Debug|Any CPU = Debug|Any CPU
		Release|Any CPU = Release|Any CPU
	EndGlobalSection
	GlobalSection(ProjectConfigurationPlatforms) = postSolution
		{284D9172-9530-4BA9-9C16-4E5CDF4F417D}.Debug|Any CPU.ActiveCfg = Debug|Any CPU
		{284D9172-9530-4BA9-9C16-4E5CDF4F417D}.Debug|Any CPU.Build.0 = Debug|Any CPU
		{284D9172-9530-4BA9-9C16-4E5CDF4F417D}.Release|Any CPU.ActiveCfg = Release|Any CPU
		{284D9172-9530-4BA9-9C16-4E5CDF4F417D}.Release|Any CPU.Build.0 = Release|Any CPU
		{DF0D368A-AF1A-4F9B-B97F-ED47F89ACAC9}.Debug|Any CPU.ActiveCfg = Debug|Any CPU
		{DF0D368A-AF1A-4F9B-B97F-ED47F89ACAC9}.Debug|Any CPU.Build.0 = Debug|Any CPU
		{DF0D368A-AF1A-4F9B-B97F-ED47F89ACAC9}.Release|Any CPU.ActiveCfg = Release|Any CPU
		{DF0D368A-AF1A-4F9B-B97F-ED47F89ACAC9}.Release|Any CPU.Build.0 = Release|Any CPU
	EndGlobalSection
	GlobalSection(SolutionProperties) = preSolution
		HideSolutionNode = FALSE
	EndGlobalSection
	GlobalSection(ExtensibilityGlobals) = postSolution
		SolutionGuid = {F346AE17-47F9-467F-B760-3E978C71AF62}
	EndGlobalSection
EndGlobal
